
Microsoft Visual Studio Solution File, Format Version 12.00
# Visual Studio 2012
Project("{FAE04EC0-301F-11D3-BF4B-00C04F79EFBC}") = "JavaRenamer", "JavaRenamer\JavaRenamer.csproj", "{85E3AB1E-7E5A-4A56-BAD2-4B5DD2163752}"
EndProject
Global
	GlobalSection(SolutionConfigurationPlatforms) = preSolution
		Debug|Any CPU = Debug|Any CPU
		Release|Any CPU = Release|Any CPU
	EndGlobalSection
	GlobalSection(ProjectConfigurationPlatforms) = postSolution
		{85E3AB1E-7E5A-4A56-BAD2-4B5DD2163752}.Debug|Any CPU.ActiveCfg = Debug|Any CPU
		{85E3AB1E-7E5A-4A56-BAD2-4B5DD2163752}.Debug|Any CPU.Build.0 = Debug|Any CPU
		{85E3AB1E-7E5A-4A56-BAD2-4B5DD2163752}.Release|Any CPU.ActiveCfg = Release|Any CPU
		{85E3AB1E-7E5A-4A56-BAD2-4B5DD2163752}.Release|Any CPU.Build.0 = Release|Any CPU
	EndGlobalSection
	GlobalSection(SolutionProperties) = preSolution
		HideSolutionNode = FALSE
	EndGlobalSection
EndGlobal
